
Microsoft Visual Studio Solution File, Format Version 12.00
# Visual Studio Version 16
VisualStudioVersion = 16.0.34902.97
MinimumVisualStudioVersion = 10.0.40219.1
Project("{C9674DCB-5085-4A16-B785-4C70DD1589BD}") = "ttpSync", "ttpSync\ttpSync.dtproj", "{B37E9A7E-737D-4CDD-B834-01A15CC2843F}"
EndProject
Global
	GlobalSection(SolutionConfigurationPlatforms) = preSolution
		Development|Default = Development|Default
	EndGlobalSection
	GlobalSection(ProjectConfigurationPlatforms) = postSolution
		{B37E9A7E-737D-4CDD-B834-01A15CC2843F}.Development|Default.ActiveCfg = Development
		{B37E9A7E-737D-4CDD-B834-01A15CC2843F}.Development|Default.Build.0 = Development
	EndGlobalSection
	GlobalSection(SolutionProperties) = preSolution
		HideSolutionNode = FALSE
	EndGlobalSection
	GlobalSection(ExtensibilityGlobals) = postSolution
		SolutionGuid = {12870D6B-6904-4614-8C6A-776CFE151EA0}
	EndGlobalSection
EndGlobal
